
Microsoft Visual Studio Solution File, Format Version 12.00
Project("{FAE04EC0-301F-11D3-BF4B-00C04F79EFBC}") = "Calculator", "Calculator\Calculator.csproj", "{96CE3926-F335-4094-8EC0-8FFE621C52B4}"
EndProject
Project("{FAE04EC0-301F-11D3-BF4B-00C04F79EFBC}") = "TestProject1", "TestProject1\TestProject1.csproj", "{DE4E5B37-73C3-426C-AAC6-9322365AE837}"
EndProject
Global
	GlobalSection(SolutionConfigurationPlatforms) = preSolution
		Debug|Any CPU = Debug|Any CPU
		Release|Any CPU = Release|Any CPU
	EndGlobalSection
	GlobalSection(ProjectConfigurationPlatforms) = postSolution
		{96CE3926-F335-4094-8EC0-8FFE621C52B4}.Debug|Any CPU.ActiveCfg = Debug|Any CPU
		{96CE3926-F335-4094-8EC0-8FFE621C52B4}.Debug|Any CPU.Build.0 = Debug|Any CPU
		{96CE3926-F335-4094-8EC0-8FFE621C52B4}.Release|Any CPU.ActiveCfg = Release|Any CPU
		{96CE3926-F335-4094-8EC0-8FFE621C52B4}.Release|Any CPU.Build.0 = Release|Any CPU
		{DE4E5B37-73C3-426C-AAC6-9322365AE837}.Debug|Any CPU.ActiveCfg = Debug|Any CPU
		{DE4E5B37-73C3-426C-AAC6-9322365AE837}.Debug|Any CPU.Build.0 = Debug|Any CPU
		{DE4E5B37-73C3-426C-AAC6-9322365AE837}.Release|Any CPU.ActiveCfg = Release|Any CPU
		{DE4E5B37-73C3-426C-AAC6-9322365AE837}.Release|Any CPU.Build.0 = Release|Any CPU
	EndGlobalSection
EndGlobal
